
Microsoft Visual Studio Solution File, Format Version 12.00
# Visual Studio 14
VisualStudioVersion = 14.0.24720.0
MinimumVisualStudioVersion = 10.0.40219.1
Project("{FAE04EC0-301F-11D3-BF4B-00C04F79EFBC}") = "Ex01SquareRoot", "Ex01SquareRoot\Ex01SquareRoot.csproj", "{BFCD3719-786C-4BFD-A270-CE26448A4877}"
EndProject
Project("{FAE04EC0-301F-11D3-BF4B-00C04F79EFBC}") = "Ex02EnterNumbers", "Ex02EnterNumbers\Ex02EnterNumbers.csproj", "{11646B08-90C0-4958-95D4-07DF81EBAE60}"
EndProject
Global
	GlobalSection(SolutionConfigurationPlatforms) = preSolution
		Debug|Any CPU = Debug|Any CPU
		Release|Any CPU = Release|Any CPU
	EndGlobalSection
	GlobalSection(ProjectConfigurationPlatforms) = postSolution
		{BFCD3719-786C-4BFD-A270-CE26448A4877}.Debug|Any CPU.ActiveCfg = Debug|Any CPU
		{BFCD3719-786C-4BFD-A270-CE26448A4877}.Debug|Any CPU.Build.0 = Debug|Any CPU
		{BFCD3719-786C-4BFD-A270-CE26448A4877}.Release|Any CPU.ActiveCfg = Release|Any CPU
		{BFCD3719-786C-4BFD-A270-CE26448A4877}.Release|Any CPU.Build.0 = Release|Any CPU
		{11646B08-90C0-4958-95D4-07DF81EBAE60}.Debug|Any CPU.ActiveCfg = Debug|Any CPU
		{11646B08-90C0-4958-95D4-07DF81EBAE60}.Debug|Any CPU.Build.0 = Debug|Any CPU
		{11646B08-90C0-4958-95D4-07DF81EBAE60}.Release|Any CPU.ActiveCfg = Release|Any CPU
		{11646B08-90C0-4958-95D4-07DF81EBAE60}.Release|Any CPU.Build.0 = Release|Any CPU
	EndGlobalSection
	GlobalSection(SolutionProperties) = preSolution
		HideSolutionNode = FALSE
	EndGlobalSection
EndGlobal
