
Microsoft Visual Studio Solution File, Format Version 12.00
# Visual Studio 14
VisualStudioVersion = 14.0.24720.0
MinimumVisualStudioVersion = 10.0.40219.1
Project("{FAE04EC0-301F-11D3-BF4B-00C04F79EFBC}") = "Ex01DecimalToBinary", "Ex01DecimalToBinary\Ex01DecimalToBinary.csproj", "{96C46E22-638A-4109-B41D-E425A745DC0A}"
EndProject
Project("{FAE04EC0-301F-11D3-BF4B-00C04F79EFBC}") = "Ex02BinaryToDecimal", "Ex02BinaryToDecimal\Ex02BinaryToDecimal.csproj", "{F0E51BDB-B112-4655-8EE2-D899092DF411}"
EndProject
Project("{FAE04EC0-301F-11D3-BF4B-00C04F79EFBC}") = "Ex03DecimalToHex", "Ex03DecimalToHex\Ex03DecimalToHex.csproj", "{7C138A46-39F3-47D3-B4AA-196155D7AB9F}"
EndProject
Project("{FAE04EC0-301F-11D3-BF4B-00C04F79EFBC}") = "Ex04HexToDecimal", "Ex04HexToDecimal\Ex04HexToDecimal.csproj", "{C7178E67-A5A5-4EE2-B4E1-02B484D870C5}"
EndProject
Project("{FAE04EC0-301F-11D3-BF4B-00C04F79EFBC}") = "Ex05HexToBinary", "Ex05HexToBinary\Ex05HexToBinary.csproj", "{E953583C-1C0F-4421-A3A6-14D0C2A254D8}"
EndProject
Project("{FAE04EC0-301F-11D3-BF4B-00C04F79EFBC}") = "Ex06BinaryToHex", "Ex06BinaryToHex\Ex06BinaryToHex.csproj", "{7754678C-91C9-4D7C-BF4A-039DF5F74A65}"
EndProject
Project("{FAE04EC0-301F-11D3-BF4B-00C04F79EFBC}") = "Ex07OneSystemToAnyOther", "Ex07OneSystemToAnyOther\Ex07OneSystemToAnyOther.csproj", "{6351445A-926C-4048-A97F-44B2DBFB65E3}"
EndProject
Global
	GlobalSection(SolutionConfigurationPlatforms) = preSolution
		Debug|Any CPU = Debug|Any CPU
		Release|Any CPU = Release|Any CPU
	EndGlobalSection
	GlobalSection(ProjectConfigurationPlatforms) = postSolution
		{96C46E22-638A-4109-B41D-E425A745DC0A}.Debug|Any CPU.ActiveCfg = Debug|Any CPU
		{96C46E22-638A-4109-B41D-E425A745DC0A}.Debug|Any CPU.Build.0 = Debug|Any CPU
		{96C46E22-638A-4109-B41D-E425A745DC0A}.Release|Any CPU.ActiveCfg = Release|Any CPU
		{96C46E22-638A-4109-B41D-E425A745DC0A}.Release|Any CPU.Build.0 = Release|Any CPU
		{F0E51BDB-B112-4655-8EE2-D899092DF411}.Debug|Any CPU.ActiveCfg = Debug|Any CPU
		{F0E51BDB-B112-4655-8EE2-D899092DF411}.Debug|Any CPU.Build.0 = Debug|Any CPU
		{F0E51BDB-B112-4655-8EE2-D899092DF411}.Release|Any CPU.ActiveCfg = Release|Any CPU
		{F0E51BDB-B112-4655-8EE2-D899092DF411}.Release|Any CPU.Build.0 = Release|Any CPU
		{7C138A46-39F3-47D3-B4AA-196155D7AB9F}.Debug|Any CPU.ActiveCfg = Debug|Any CPU
		{7C138A46-39F3-47D3-B4AA-196155D7AB9F}.Debug|Any CPU.Build.0 = Debug|Any CPU
		{7C138A46-39F3-47D3-B4AA-196155D7AB9F}.Release|Any CPU.ActiveCfg = Release|Any CPU
		{7C138A46-39F3-47D3-B4AA-196155D7AB9F}.Release|Any CPU.Build.0 = Release|Any CPU
		{C7178E67-A5A5-4EE2-B4E1-02B484D870C5}.Debug|Any CPU.ActiveCfg = Debug|Any CPU
		{C7178E67-A5A5-4EE2-B4E1-02B484D870C5}.Debug|Any CPU.Build.0 = Debug|Any CPU
		{C7178E67-A5A5-4EE2-B4E1-02B484D870C5}.Release|Any CPU.ActiveCfg = Release|Any CPU
		{C7178E67-A5A5-4EE2-B4E1-02B484D870C5}.Release|Any CPU.Build.0 = Release|Any CPU
		{E953583C-1C0F-4421-A3A6-14D0C2A254D8}.Debug|Any CPU.ActiveCfg = Debug|Any CPU
		{E953583C-1C0F-4421-A3A6-14D0C2A254D8}.Debug|Any CPU.Build.0 = Debug|Any CPU
		{E953583C-1C0F-4421-A3A6-14D0C2A254D8}.Release|Any CPU.ActiveCfg = Release|Any CPU
		{E953583C-1C0F-4421-A3A6-14D0C2A254D8}.Release|Any CPU.Build.0 = Release|Any CPU
		{7754678C-91C9-4D7C-BF4A-039DF5F74A65}.Debug|Any CPU.ActiveCfg = Debug|Any CPU
		{7754678C-91C9-4D7C-BF4A-039DF5F74A65}.Debug|Any CPU.Build.0 = Debug|Any CPU
		{7754678C-91C9-4D7C-BF4A-039DF5F74A65}.Release|Any CPU.ActiveCfg = Release|Any CPU
		{7754678C-91C9-4D7C-BF4A-039DF5F74A65}.Release|Any CPU.Build.0 = Release|Any CPU
		{6351445A-926C-4048-A97F-44B2DBFB65E3}.Debug|Any CPU.ActiveCfg = Debug|Any CPU
		{6351445A-926C-4048-A97F-44B2DBFB65E3}.Debug|Any CPU.Build.0 = Debug|Any CPU
		{6351445A-926C-4048-A97F-44B2DBFB65E3}.Release|Any CPU.ActiveCfg = Release|Any CPU
		{6351445A-926C-4048-A97F-44B2DBFB65E3}.Release|Any CPU.Build.0 = Release|Any CPU
	EndGlobalSection
	GlobalSection(SolutionProperties) = preSolution
		HideSolutionNode = FALSE
	EndGlobalSection
EndGlobal
