
Microsoft Visual Studio Solution File, Format Version 12.00
# Visual Studio 14
VisualStudioVersion = 14.0.24720.0
MinimumVisualStudioVersion = 10.0.40219.1
Project("{FAE04EC0-301F-11D3-BF4B-00C04F79EFBC}") = "Ex01CalculationProblem", "Ex01CalculationProblem\Ex01CalculationProblem.csproj", "{2A81133C-40A2-4658-BF91-94912AEE787D}"
EndProject
Project("{FAE04EC0-301F-11D3-BF4B-00C04F79EFBC}") = "Ex02EvenDifferences", "Ex02EvenDifferences\Ex02EvenDifferences.csproj", "{56135FF8-BB2B-413F-A65A-6299F0AEAFE5}"
EndProject
Project("{FAE04EC0-301F-11D3-BF4B-00C04F79EFBC}") = "Ex03LoverOfThree", "Ex03LoverOfThree\Ex03LoverOfThree.csproj", "{0A3B30BA-5F62-4405-84E1-7111176998CF}"
EndProject
Project("{FAE04EC0-301F-11D3-BF4B-00C04F79EFBC}") = "Ex05Doge", "Ex05Doge\Ex05Doge.csproj", "{D0D0AE1C-E4B1-4895-9E9C-990CC0D2F0AC}"
EndProject
Project("{FAE04EC0-301F-11D3-BF4B-00C04F79EFBC}") = "Ex01TRES4Numbers", "Ex01TRES4Numbers\Ex01TRES4Numbers.csproj", "{997147F3-068E-4BFB-ABA9-2819E56EDF00}"
EndProject
Project("{FAE04EC0-301F-11D3-BF4B-00C04F79EFBC}") = "Ex02BunnyFactory", "Ex02BunnyFactory\Ex02BunnyFactory.csproj", "{013B88F2-103E-411F-8CD3-EAEA51A21F7C}"
EndProject
Project("{FAE04EC0-301F-11D3-BF4B-00C04F79EFBC}") = "Ex03Patterns", "Ex03Patterns\Ex03Patterns.csproj", "{69CD2994-A5EC-431A-93DD-403AB1AB2D6F}"
EndProject
Project("{FAE04EC0-301F-11D3-BF4B-00C04F79EFBC}") = "Ex04VariableLengthCoding", "Ex04VariableLengthCoding\Ex04VariableLengthCoding.csproj", "{35A4DF40-6DF2-46A9-99DD-65174E05D3BF}"
EndProject
Global
	GlobalSection(SolutionConfigurationPlatforms) = preSolution
		Debug|Any CPU = Debug|Any CPU
		Release|Any CPU = Release|Any CPU
	EndGlobalSection
	GlobalSection(ProjectConfigurationPlatforms) = postSolution
		{2A81133C-40A2-4658-BF91-94912AEE787D}.Debug|Any CPU.ActiveCfg = Debug|Any CPU
		{2A81133C-40A2-4658-BF91-94912AEE787D}.Debug|Any CPU.Build.0 = Debug|Any CPU
		{2A81133C-40A2-4658-BF91-94912AEE787D}.Release|Any CPU.ActiveCfg = Release|Any CPU
		{2A81133C-40A2-4658-BF91-94912AEE787D}.Release|Any CPU.Build.0 = Release|Any CPU
		{56135FF8-BB2B-413F-A65A-6299F0AEAFE5}.Debug|Any CPU.ActiveCfg = Debug|Any CPU
		{56135FF8-BB2B-413F-A65A-6299F0AEAFE5}.Debug|Any CPU.Build.0 = Debug|Any CPU
		{56135FF8-BB2B-413F-A65A-6299F0AEAFE5}.Release|Any CPU.ActiveCfg = Release|Any CPU
		{56135FF8-BB2B-413F-A65A-6299F0AEAFE5}.Release|Any CPU.Build.0 = Release|Any CPU
		{0A3B30BA-5F62-4405-84E1-7111176998CF}.Debug|Any CPU.ActiveCfg = Debug|Any CPU
		{0A3B30BA-5F62-4405-84E1-7111176998CF}.Debug|Any CPU.Build.0 = Debug|Any CPU
		{0A3B30BA-5F62-4405-84E1-7111176998CF}.Release|Any CPU.ActiveCfg = Release|Any CPU
		{0A3B30BA-5F62-4405-84E1-7111176998CF}.Release|Any CPU.Build.0 = Release|Any CPU
		{D0D0AE1C-E4B1-4895-9E9C-990CC0D2F0AC}.Debug|Any CPU.ActiveCfg = Debug|Any CPU
		{D0D0AE1C-E4B1-4895-9E9C-990CC0D2F0AC}.Debug|Any CPU.Build.0 = Debug|Any CPU
		{D0D0AE1C-E4B1-4895-9E9C-990CC0D2F0AC}.Release|Any CPU.ActiveCfg = Release|Any CPU
		{D0D0AE1C-E4B1-4895-9E9C-990CC0D2F0AC}.Release|Any CPU.Build.0 = Release|Any CPU
		{997147F3-068E-4BFB-ABA9-2819E56EDF00}.Debug|Any CPU.ActiveCfg = Debug|Any CPU
		{997147F3-068E-4BFB-ABA9-2819E56EDF00}.Debug|Any CPU.Build.0 = Debug|Any CPU
		{997147F3-068E-4BFB-ABA9-2819E56EDF00}.Release|Any CPU.ActiveCfg = Release|Any CPU
		{997147F3-068E-4BFB-ABA9-2819E56EDF00}.Release|Any CPU.Build.0 = Release|Any CPU
		{013B88F2-103E-411F-8CD3-EAEA51A21F7C}.Debug|Any CPU.ActiveCfg = Debug|Any CPU
		{013B88F2-103E-411F-8CD3-EAEA51A21F7C}.Debug|Any CPU.Build.0 = Debug|Any CPU
		{013B88F2-103E-411F-8CD3-EAEA51A21F7C}.Release|Any CPU.ActiveCfg = Release|Any CPU
		{013B88F2-103E-411F-8CD3-EAEA51A21F7C}.Release|Any CPU.Build.0 = Release|Any CPU
		{69CD2994-A5EC-431A-93DD-403AB1AB2D6F}.Debug|Any CPU.ActiveCfg = Debug|Any CPU
		{69CD2994-A5EC-431A-93DD-403AB1AB2D6F}.Debug|Any CPU.Build.0 = Debug|Any CPU
		{69CD2994-A5EC-431A-93DD-403AB1AB2D6F}.Release|Any CPU.ActiveCfg = Release|Any CPU
		{69CD2994-A5EC-431A-93DD-403AB1AB2D6F}.Release|Any CPU.Build.0 = Release|Any CPU
		{35A4DF40-6DF2-46A9-99DD-65174E05D3BF}.Debug|Any CPU.ActiveCfg = Debug|Any CPU
		{35A4DF40-6DF2-46A9-99DD-65174E05D3BF}.Debug|Any CPU.Build.0 = Debug|Any CPU
		{35A4DF40-6DF2-46A9-99DD-65174E05D3BF}.Release|Any CPU.ActiveCfg = Release|Any CPU
		{35A4DF40-6DF2-46A9-99DD-65174E05D3BF}.Release|Any CPU.Build.0 = Release|Any CPU
	EndGlobalSection
	GlobalSection(SolutionProperties) = preSolution
		HideSolutionNode = FALSE
	EndGlobalSection
EndGlobal
