
Microsoft Visual Studio Solution File, Format Version 12.00
# Visual Studio 14
VisualStudioVersion = 14.0.24720.0
MinimumVisualStudioVersion = 10.0.40219.1
Project("{2150E333-8FDC-42A3-9474-1A3956D46DE8}") = "04. HelloWorld", "04. HelloWorld", "{3450AA3F-C4F4-47E4-A479-4F511324E764}"
EndProject
Project("{FAE04EC0-301F-11D3-BF4B-00C04F79EFBC}") = "Ex04HelloWorld", "Ex04HelloWorld\Ex04HelloWorld.csproj", "{E37F09F7-1778-4624-A7FC-6426B2C5531E}"
EndProject
Project("{2150E333-8FDC-42A3-9474-1A3956D46DE8}") = "06. PrintNumbers", "06. PrintNumbers", "{DC24D3EA-91CB-4BCE-9380-66D94AA41DC3}"
EndProject
Project("{FAE04EC0-301F-11D3-BF4B-00C04F79EFBC}") = "Ex06PrintNumbers", "Ex05PrintNumbers\Ex06PrintNumbers.csproj", "{2B8D033A-99A7-4FAD-A07E-13FC2B62EE49}"
EndProject
Project("{2150E333-8FDC-42A3-9474-1A3956D46DE8}") = "05. PrintName", "05. PrintName", "{DBF70930-1C95-4E1F-A6F7-2A8E1BB1567E}"
EndProject
Project("{FAE04EC0-301F-11D3-BF4B-00C04F79EFBC}") = "Ex05PrintName", "Ex05PrintName\Ex05PrintName.csproj", "{BB6FED9F-17BC-4CD2-B17C-4949E675D2E0}"
EndProject
Project("{2150E333-8FDC-42A3-9474-1A3956D46DE8}") = "07. PrintFullName", "07. PrintFullName", "{920B5D24-D924-4374-B2C7-DA14CFD6FCE9}"
EndProject
Project("{FAE04EC0-301F-11D3-BF4B-00C04F79EFBC}") = "Ex07PrintFullName", "Ex07PrintFullName\Ex07PrintFullName.csproj", "{A1F094EC-C528-4534-BFAF-43D6CB645B48}"
EndProject
Project("{2150E333-8FDC-42A3-9474-1A3956D46DE8}") = "08. SquareRoot", "08. SquareRoot", "{4AA77912-ABF7-4C53-A432-21FBBE810983}"
EndProject
Project("{FAE04EC0-301F-11D3-BF4B-00C04F79EFBC}") = "Ex08SquareRoot", "Ex08SquareRoot\Ex08SquareRoot.csproj", "{EEAC922A-6C6F-4A51-AA6A-A10DD2C49619}"
EndProject
Project("{2150E333-8FDC-42A3-9474-1A3956D46DE8}") = "09. PrintSequence", "09. PrintSequence", "{3675194E-CEEA-42F0-A762-1ACE0AFE3310}"
EndProject
Project("{FAE04EC0-301F-11D3-BF4B-00C04F79EFBC}") = "Ex09PrintSequence", "Ex09PrintSequence\Ex09PrintSequence.csproj", "{EAA7B91B-572F-4864-BC15-00DE7DD4947A}"
EndProject
Project("{2150E333-8FDC-42A3-9474-1A3956D46DE8}") = "10. FormatCode", "10. FormatCode", "{3F80D538-44AA-46B1-AA3E-164D829D1FC8}"
EndProject
Project("{FAE04EC0-301F-11D3-BF4B-00C04F79EFBC}") = "Ex10FormatCode", "Ex10FormatCode\Ex10FormatCode.csproj", "{0659BF0D-C21D-4855-B9B0-342AFC33EBC3}"
EndProject
Project("{2150E333-8FDC-42A3-9474-1A3956D46DE8}") = "14. CurrentDateTime", "14. CurrentDateTime", "{06A0E9E5-2586-4EA0-936D-64C4AEED111E}"
EndProject
Project("{FAE04EC0-301F-11D3-BF4B-00C04F79EFBC}") = "Ex14CurrentDateTime", "Ex14CurrentDateTime\Ex14CurrentDateTime.csproj", "{062285AC-424E-48EE-B851-9D24CB3F4B10}"
EndProject
Project("{2150E333-8FDC-42A3-9474-1A3956D46DE8}") = "15. Age", "15. Age", "{80C0A19F-36C8-483F-9083-F0C2AA8C4682}"
EndProject
Project("{FAE04EC0-301F-11D3-BF4B-00C04F79EFBC}") = "Ex15Age", "Ex15Age\Ex15Age.csproj", "{67B9D9A7-B6D7-4035-B80C-5133CA5A8D3A}"
EndProject
Project("{2150E333-8FDC-42A3-9474-1A3956D46DE8}") = "16. PrintLongSequence", "16. PrintLongSequence", "{07FDA382-CF76-4CA2-A878-44E6CA0EB4D8}"
EndProject
Project("{FAE04EC0-301F-11D3-BF4B-00C04F79EFBC}") = "Ex16PrintLongSequence", "Ex16PrintLongSequence\Ex16PrintLongSequence.csproj", "{C7B892C3-2F4F-4A8D-B315-0D85E0AC9F1E}"
EndProject
Global
	GlobalSection(SolutionConfigurationPlatforms) = preSolution
		Debug|Any CPU = Debug|Any CPU
		Release|Any CPU = Release|Any CPU
	EndGlobalSection
	GlobalSection(ProjectConfigurationPlatforms) = postSolution
		{E37F09F7-1778-4624-A7FC-6426B2C5531E}.Debug|Any CPU.ActiveCfg = Debug|Any CPU
		{E37F09F7-1778-4624-A7FC-6426B2C5531E}.Debug|Any CPU.Build.0 = Debug|Any CPU
		{E37F09F7-1778-4624-A7FC-6426B2C5531E}.Release|Any CPU.ActiveCfg = Release|Any CPU
		{E37F09F7-1778-4624-A7FC-6426B2C5531E}.Release|Any CPU.Build.0 = Release|Any CPU
		{2B8D033A-99A7-4FAD-A07E-13FC2B62EE49}.Debug|Any CPU.ActiveCfg = Debug|Any CPU
		{2B8D033A-99A7-4FAD-A07E-13FC2B62EE49}.Debug|Any CPU.Build.0 = Debug|Any CPU
		{2B8D033A-99A7-4FAD-A07E-13FC2B62EE49}.Release|Any CPU.ActiveCfg = Release|Any CPU
		{2B8D033A-99A7-4FAD-A07E-13FC2B62EE49}.Release|Any CPU.Build.0 = Release|Any CPU
		{BB6FED9F-17BC-4CD2-B17C-4949E675D2E0}.Debug|Any CPU.ActiveCfg = Debug|Any CPU
		{BB6FED9F-17BC-4CD2-B17C-4949E675D2E0}.Debug|Any CPU.Build.0 = Debug|Any CPU
		{BB6FED9F-17BC-4CD2-B17C-4949E675D2E0}.Release|Any CPU.ActiveCfg = Release|Any CPU
		{BB6FED9F-17BC-4CD2-B17C-4949E675D2E0}.Release|Any CPU.Build.0 = Release|Any CPU
		{A1F094EC-C528-4534-BFAF-43D6CB645B48}.Debug|Any CPU.ActiveCfg = Debug|Any CPU
		{A1F094EC-C528-4534-BFAF-43D6CB645B48}.Debug|Any CPU.Build.0 = Debug|Any CPU
		{A1F094EC-C528-4534-BFAF-43D6CB645B48}.Release|Any CPU.ActiveCfg = Release|Any CPU
		{A1F094EC-C528-4534-BFAF-43D6CB645B48}.Release|Any CPU.Build.0 = Release|Any CPU
		{EEAC922A-6C6F-4A51-AA6A-A10DD2C49619}.Debug|Any CPU.ActiveCfg = Debug|Any CPU
		{EEAC922A-6C6F-4A51-AA6A-A10DD2C49619}.Debug|Any CPU.Build.0 = Debug|Any CPU
		{EEAC922A-6C6F-4A51-AA6A-A10DD2C49619}.Release|Any CPU.ActiveCfg = Release|Any CPU
		{EEAC922A-6C6F-4A51-AA6A-A10DD2C49619}.Release|Any CPU.Build.0 = Release|Any CPU
		{EAA7B91B-572F-4864-BC15-00DE7DD4947A}.Debug|Any CPU.ActiveCfg = Debug|Any CPU
		{EAA7B91B-572F-4864-BC15-00DE7DD4947A}.Debug|Any CPU.Build.0 = Debug|Any CPU
		{EAA7B91B-572F-4864-BC15-00DE7DD4947A}.Release|Any CPU.ActiveCfg = Release|Any CPU
		{EAA7B91B-572F-4864-BC15-00DE7DD4947A}.Release|Any CPU.Build.0 = Release|Any CPU
		{0659BF0D-C21D-4855-B9B0-342AFC33EBC3}.Debug|Any CPU.ActiveCfg = Debug|Any CPU
		{0659BF0D-C21D-4855-B9B0-342AFC33EBC3}.Debug|Any CPU.Build.0 = Debug|Any CPU
		{0659BF0D-C21D-4855-B9B0-342AFC33EBC3}.Release|Any CPU.ActiveCfg = Release|Any CPU
		{0659BF0D-C21D-4855-B9B0-342AFC33EBC3}.Release|Any CPU.Build.0 = Release|Any CPU
		{062285AC-424E-48EE-B851-9D24CB3F4B10}.Debug|Any CPU.ActiveCfg = Debug|Any CPU
		{062285AC-424E-48EE-B851-9D24CB3F4B10}.Debug|Any CPU.Build.0 = Debug|Any CPU
		{062285AC-424E-48EE-B851-9D24CB3F4B10}.Release|Any CPU.ActiveCfg = Release|Any CPU
		{062285AC-424E-48EE-B851-9D24CB3F4B10}.Release|Any CPU.Build.0 = Release|Any CPU
		{67B9D9A7-B6D7-4035-B80C-5133CA5A8D3A}.Debug|Any CPU.ActiveCfg = Debug|Any CPU
		{67B9D9A7-B6D7-4035-B80C-5133CA5A8D3A}.Debug|Any CPU.Build.0 = Debug|Any CPU
		{67B9D9A7-B6D7-4035-B80C-5133CA5A8D3A}.Release|Any CPU.ActiveCfg = Release|Any CPU
		{67B9D9A7-B6D7-4035-B80C-5133CA5A8D3A}.Release|Any CPU.Build.0 = Release|Any CPU
		{C7B892C3-2F4F-4A8D-B315-0D85E0AC9F1E}.Debug|Any CPU.ActiveCfg = Debug|Any CPU
		{C7B892C3-2F4F-4A8D-B315-0D85E0AC9F1E}.Debug|Any CPU.Build.0 = Debug|Any CPU
		{C7B892C3-2F4F-4A8D-B315-0D85E0AC9F1E}.Release|Any CPU.ActiveCfg = Release|Any CPU
		{C7B892C3-2F4F-4A8D-B315-0D85E0AC9F1E}.Release|Any CPU.Build.0 = Release|Any CPU
	EndGlobalSection
	GlobalSection(SolutionProperties) = preSolution
		HideSolutionNode = FALSE
	EndGlobalSection
	GlobalSection(NestedProjects) = preSolution
		{E37F09F7-1778-4624-A7FC-6426B2C5531E} = {3450AA3F-C4F4-47E4-A479-4F511324E764}
		{2B8D033A-99A7-4FAD-A07E-13FC2B62EE49} = {DC24D3EA-91CB-4BCE-9380-66D94AA41DC3}
		{BB6FED9F-17BC-4CD2-B17C-4949E675D2E0} = {DBF70930-1C95-4E1F-A6F7-2A8E1BB1567E}
		{A1F094EC-C528-4534-BFAF-43D6CB645B48} = {920B5D24-D924-4374-B2C7-DA14CFD6FCE9}
		{EEAC922A-6C6F-4A51-AA6A-A10DD2C49619} = {4AA77912-ABF7-4C53-A432-21FBBE810983}
		{EAA7B91B-572F-4864-BC15-00DE7DD4947A} = {3675194E-CEEA-42F0-A762-1ACE0AFE3310}
		{0659BF0D-C21D-4855-B9B0-342AFC33EBC3} = {3F80D538-44AA-46B1-AA3E-164D829D1FC8}
		{062285AC-424E-48EE-B851-9D24CB3F4B10} = {06A0E9E5-2586-4EA0-936D-64C4AEED111E}
		{67B9D9A7-B6D7-4035-B80C-5133CA5A8D3A} = {80C0A19F-36C8-483F-9083-F0C2AA8C4682}
		{C7B892C3-2F4F-4A8D-B315-0D85E0AC9F1E} = {07FDA382-CF76-4CA2-A878-44E6CA0EB4D8}
	EndGlobalSection
EndGlobal
