
Microsoft Visual Studio Solution File, Format Version 12.00
# Visual Studio 14
VisualStudioVersion = 14.0.24720.0
MinimumVisualStudioVersion = 10.0.40219.1
Project("{FAE04EC0-301F-11D3-BF4B-00C04F79EFBC}") = "Ex01OddOrEven", "Ex01OddOrEven\Ex01OddOrEven.csproj", "{902A2421-5EE6-4FDB-9585-2EC1C077A41C}"
EndProject
Project("{FAE04EC0-301F-11D3-BF4B-00C04F79EFBC}") = "Ex02MoonGravity", "Ex02MoonGravity\Ex02MoonGravity.csproj", "{E65B77EC-A125-406F-AB69-81BD4DEF539F}"
EndProject
Project("{FAE04EC0-301F-11D3-BF4B-00C04F79EFBC}") = "Ex03DivisibleBy7And5", "Ex03DivisibleBy7And5\Ex03DivisibleBy7And5.csproj", "{BB4D9C4D-0B7C-457B-BFDF-7518124A716D}"
EndProject
Project("{FAE04EC0-301F-11D3-BF4B-00C04F79EFBC}") = "Ex04Rectangles", "Ex04Rectangles\Ex04Rectangles.csproj", "{21C03B47-52E0-4E86-8652-BC716311CDC5}"
EndProject
Project("{FAE04EC0-301F-11D3-BF4B-00C04F79EFBC}") = "Ex05ThirdDigit", "Ex05ThirdDigit\Ex05ThirdDigit.csproj", "{E00E1163-0E67-4228-BDA6-47F38CBA7701}"
EndProject
Project("{FAE04EC0-301F-11D3-BF4B-00C04F79EFBC}") = "Ex06FourDigits", "Ex06FourDigits\Ex06FourDigits.csproj", "{701D0709-8547-442D-8025-7FB7DFBC0CA1}"
EndProject
Project("{FAE04EC0-301F-11D3-BF4B-00C04F79EFBC}") = "Ex07PointInCircle", "Ex07PointInCircle\Ex07PointInCircle.csproj", "{2866CF18-0B0D-476A-9A28-DC8C99453644}"
EndProject
Project("{FAE04EC0-301F-11D3-BF4B-00C04F79EFBC}") = "Ex08PrimeCheck", "Ex08PrimeCheck\Ex08PrimeCheck.csproj", "{7A1DC1C2-E97F-4501-BEBD-19C6420FE890}"
EndProject
Project("{FAE04EC0-301F-11D3-BF4B-00C04F79EFBC}") = "Ex09Trapezoids", "Ex09Trapezoids\Ex09Trapezoids.csproj", "{0A5A425A-6848-4A68-9E67-0C42E046C4A4}"
EndProject
Project("{FAE04EC0-301F-11D3-BF4B-00C04F79EFBC}") = "Ex10PointCircleRectangle", "Ex10PointCircleRectangle\Ex10PointCircleRectangle.csproj", "{E45259E3-0A3B-449E-8EEA-3E2BC751EBD6}"
EndProject
Project("{FAE04EC0-301F-11D3-BF4B-00C04F79EFBC}") = "Ex11ThirdBit", "Ex11ThirdBit\Ex11ThirdBit.csproj", "{654513C6-FF6D-42B3-81DE-5B1DBF39B163}"
EndProject
Project("{FAE04EC0-301F-11D3-BF4B-00C04F79EFBC}") = "Ex12NthBit", "Ex12NthBit\Ex12NthBit.csproj", "{EF7A6730-6CDD-4C4D-A5FA-A61066560873}"
EndProject
Project("{FAE04EC0-301F-11D3-BF4B-00C04F79EFBC}") = "Ex13ModifyBit", "Ex13ModifyBit\Ex13ModifyBit.csproj", "{09525E4C-D160-4615-8870-6D30F8A41E80}"
EndProject
Project("{FAE04EC0-301F-11D3-BF4B-00C04F79EFBC}") = "Ex14BitExchange", "Ex14ExchangeBits\Ex14BitExchange.csproj", "{F501A4C6-80A1-48D3-A80A-33AE9B8977B0}"
EndProject
Project("{FAE04EC0-301F-11D3-BF4B-00C04F79EFBC}") = "Ex15BitSwap", "Ex15BitSwap\Ex15BitSwap.csproj", "{0BA2960F-3387-4F30-8A8F-8833D26AE1F9}"
EndProject
Global
	GlobalSection(SolutionConfigurationPlatforms) = preSolution
		Debug|Any CPU = Debug|Any CPU
		Release|Any CPU = Release|Any CPU
	EndGlobalSection
	GlobalSection(ProjectConfigurationPlatforms) = postSolution
		{902A2421-5EE6-4FDB-9585-2EC1C077A41C}.Debug|Any CPU.ActiveCfg = Debug|Any CPU
		{902A2421-5EE6-4FDB-9585-2EC1C077A41C}.Debug|Any CPU.Build.0 = Debug|Any CPU
		{902A2421-5EE6-4FDB-9585-2EC1C077A41C}.Release|Any CPU.ActiveCfg = Release|Any CPU
		{902A2421-5EE6-4FDB-9585-2EC1C077A41C}.Release|Any CPU.Build.0 = Release|Any CPU
		{E65B77EC-A125-406F-AB69-81BD4DEF539F}.Debug|Any CPU.ActiveCfg = Debug|Any CPU
		{E65B77EC-A125-406F-AB69-81BD4DEF539F}.Debug|Any CPU.Build.0 = Debug|Any CPU
		{E65B77EC-A125-406F-AB69-81BD4DEF539F}.Release|Any CPU.ActiveCfg = Release|Any CPU
		{E65B77EC-A125-406F-AB69-81BD4DEF539F}.Release|Any CPU.Build.0 = Release|Any CPU
		{BB4D9C4D-0B7C-457B-BFDF-7518124A716D}.Debug|Any CPU.ActiveCfg = Debug|Any CPU
		{BB4D9C4D-0B7C-457B-BFDF-7518124A716D}.Debug|Any CPU.Build.0 = Debug|Any CPU
		{BB4D9C4D-0B7C-457B-BFDF-7518124A716D}.Release|Any CPU.ActiveCfg = Release|Any CPU
		{BB4D9C4D-0B7C-457B-BFDF-7518124A716D}.Release|Any CPU.Build.0 = Release|Any CPU
		{21C03B47-52E0-4E86-8652-BC716311CDC5}.Debug|Any CPU.ActiveCfg = Debug|Any CPU
		{21C03B47-52E0-4E86-8652-BC716311CDC5}.Debug|Any CPU.Build.0 = Debug|Any CPU
		{21C03B47-52E0-4E86-8652-BC716311CDC5}.Release|Any CPU.ActiveCfg = Release|Any CPU
		{21C03B47-52E0-4E86-8652-BC716311CDC5}.Release|Any CPU.Build.0 = Release|Any CPU
		{E00E1163-0E67-4228-BDA6-47F38CBA7701}.Debug|Any CPU.ActiveCfg = Debug|Any CPU
		{E00E1163-0E67-4228-BDA6-47F38CBA7701}.Debug|Any CPU.Build.0 = Debug|Any CPU
		{E00E1163-0E67-4228-BDA6-47F38CBA7701}.Release|Any CPU.ActiveCfg = Release|Any CPU
		{E00E1163-0E67-4228-BDA6-47F38CBA7701}.Release|Any CPU.Build.0 = Release|Any CPU
		{701D0709-8547-442D-8025-7FB7DFBC0CA1}.Debug|Any CPU.ActiveCfg = Debug|Any CPU
		{701D0709-8547-442D-8025-7FB7DFBC0CA1}.Debug|Any CPU.Build.0 = Debug|Any CPU
		{701D0709-8547-442D-8025-7FB7DFBC0CA1}.Release|Any CPU.ActiveCfg = Release|Any CPU
		{701D0709-8547-442D-8025-7FB7DFBC0CA1}.Release|Any CPU.Build.0 = Release|Any CPU
		{2866CF18-0B0D-476A-9A28-DC8C99453644}.Debug|Any CPU.ActiveCfg = Debug|Any CPU
		{2866CF18-0B0D-476A-9A28-DC8C99453644}.Debug|Any CPU.Build.0 = Debug|Any CPU
		{2866CF18-0B0D-476A-9A28-DC8C99453644}.Release|Any CPU.ActiveCfg = Release|Any CPU
		{2866CF18-0B0D-476A-9A28-DC8C99453644}.Release|Any CPU.Build.0 = Release|Any CPU
		{7A1DC1C2-E97F-4501-BEBD-19C6420FE890}.Debug|Any CPU.ActiveCfg = Debug|Any CPU
		{7A1DC1C2-E97F-4501-BEBD-19C6420FE890}.Debug|Any CPU.Build.0 = Debug|Any CPU
		{7A1DC1C2-E97F-4501-BEBD-19C6420FE890}.Release|Any CPU.ActiveCfg = Release|Any CPU
		{7A1DC1C2-E97F-4501-BEBD-19C6420FE890}.Release|Any CPU.Build.0 = Release|Any CPU
		{0A5A425A-6848-4A68-9E67-0C42E046C4A4}.Debug|Any CPU.ActiveCfg = Debug|Any CPU
		{0A5A425A-6848-4A68-9E67-0C42E046C4A4}.Debug|Any CPU.Build.0 = Debug|Any CPU
		{0A5A425A-6848-4A68-9E67-0C42E046C4A4}.Release|Any CPU.ActiveCfg = Release|Any CPU
		{0A5A425A-6848-4A68-9E67-0C42E046C4A4}.Release|Any CPU.Build.0 = Release|Any CPU
		{E45259E3-0A3B-449E-8EEA-3E2BC751EBD6}.Debug|Any CPU.ActiveCfg = Debug|Any CPU
		{E45259E3-0A3B-449E-8EEA-3E2BC751EBD6}.Debug|Any CPU.Build.0 = Debug|Any CPU
		{E45259E3-0A3B-449E-8EEA-3E2BC751EBD6}.Release|Any CPU.ActiveCfg = Release|Any CPU
		{E45259E3-0A3B-449E-8EEA-3E2BC751EBD6}.Release|Any CPU.Build.0 = Release|Any CPU
		{654513C6-FF6D-42B3-81DE-5B1DBF39B163}.Debug|Any CPU.ActiveCfg = Debug|Any CPU
		{654513C6-FF6D-42B3-81DE-5B1DBF39B163}.Debug|Any CPU.Build.0 = Debug|Any CPU
		{654513C6-FF6D-42B3-81DE-5B1DBF39B163}.Release|Any CPU.ActiveCfg = Release|Any CPU
		{654513C6-FF6D-42B3-81DE-5B1DBF39B163}.Release|Any CPU.Build.0 = Release|Any CPU
		{EF7A6730-6CDD-4C4D-A5FA-A61066560873}.Debug|Any CPU.ActiveCfg = Debug|Any CPU
		{EF7A6730-6CDD-4C4D-A5FA-A61066560873}.Debug|Any CPU.Build.0 = Debug|Any CPU
		{EF7A6730-6CDD-4C4D-A5FA-A61066560873}.Release|Any CPU.ActiveCfg = Release|Any CPU
		{EF7A6730-6CDD-4C4D-A5FA-A61066560873}.Release|Any CPU.Build.0 = Release|Any CPU
		{09525E4C-D160-4615-8870-6D30F8A41E80}.Debug|Any CPU.ActiveCfg = Debug|Any CPU
		{09525E4C-D160-4615-8870-6D30F8A41E80}.Debug|Any CPU.Build.0 = Debug|Any CPU
		{09525E4C-D160-4615-8870-6D30F8A41E80}.Release|Any CPU.ActiveCfg = Release|Any CPU
		{09525E4C-D160-4615-8870-6D30F8A41E80}.Release|Any CPU.Build.0 = Release|Any CPU
		{F501A4C6-80A1-48D3-A80A-33AE9B8977B0}.Debug|Any CPU.ActiveCfg = Debug|Any CPU
		{F501A4C6-80A1-48D3-A80A-33AE9B8977B0}.Debug|Any CPU.Build.0 = Debug|Any CPU
		{F501A4C6-80A1-48D3-A80A-33AE9B8977B0}.Release|Any CPU.ActiveCfg = Release|Any CPU
		{F501A4C6-80A1-48D3-A80A-33AE9B8977B0}.Release|Any CPU.Build.0 = Release|Any CPU
		{0BA2960F-3387-4F30-8A8F-8833D26AE1F9}.Debug|Any CPU.ActiveCfg = Debug|Any CPU
		{0BA2960F-3387-4F30-8A8F-8833D26AE1F9}.Debug|Any CPU.Build.0 = Debug|Any CPU
		{0BA2960F-3387-4F30-8A8F-8833D26AE1F9}.Release|Any CPU.ActiveCfg = Release|Any CPU
		{0BA2960F-3387-4F30-8A8F-8833D26AE1F9}.Release|Any CPU.Build.0 = Release|Any CPU
	EndGlobalSection
	GlobalSection(SolutionProperties) = preSolution
		HideSolutionNode = FALSE
	EndGlobalSection
EndGlobal
