
Microsoft Visual Studio Solution File, Format Version 12.00
# Visual Studio 14
VisualStudioVersion = 14.0.24720.0
MinimumVisualStudioVersion = 10.0.40219.1
Project("{2150E333-8FDC-42A3-9474-1A3956D46DE8}") = "01. VariablesDeclaration", "01. VariablesDeclaration", "{F14D5E46-F72D-45E8-BABB-6483E26FDE6E}"
EndProject
Project("{FAE04EC0-301F-11D3-BF4B-00C04F79EFBC}") = "Ex01VariablesDeclaration", "Ex01VariablesDeclaration\Ex01VariablesDeclaration.csproj", "{32973951-44D0-43D7-9E4B-F347F708547D}"
EndProject
Project("{2150E333-8FDC-42A3-9474-1A3956D46DE8}") = "02. FloatOrDouble", "02. FloatOrDouble", "{42B94D00-8DAC-4EBD-8720-AB17C8168351}"
EndProject
Project("{FAE04EC0-301F-11D3-BF4B-00C04F79EFBC}") = "Ex02FloatOrDouble", "Ex02FloatOrDouble\Ex02FloatOrDouble.csproj", "{76DBCEF2-3ABD-4786-9701-07715DFE512A}"
EndProject
Project("{2150E333-8FDC-42A3-9474-1A3956D46DE8}") = "03. VariablesInHex", "03. VariablesInHex", "{D7A863AD-0822-4DD3-B8C6-29B086A9AB09}"
EndProject
Project("{FAE04EC0-301F-11D3-BF4B-00C04F79EFBC}") = "Ex03VariablesInHex", "Ex03VariablesInHex\Ex03VariablesInHex.csproj", "{A075CCA1-F3A1-4B26-852F-A3558CD2317F}"
EndProject
Project("{2150E333-8FDC-42A3-9474-1A3956D46DE8}") = "04. UnicodeCharacter", "04. UnicodeCharacter", "{E861EEE6-BDF1-4315-A547-B3A6AE3C8BDB}"
EndProject
Project("{FAE04EC0-301F-11D3-BF4B-00C04F79EFBC}") = "Ex04UnicodeCharacter", "Ex04UnicodeCharacter\Ex04UnicodeCharacter.csproj", "{22FD33BF-26F4-4F51-9F25-45E5071B30F0}"
EndProject
Project("{2150E333-8FDC-42A3-9474-1A3956D46DE8}") = "05. BooleanVariable", "05. BooleanVariable", "{96849169-B26A-4C23-A65A-36077F9BE0A8}"
EndProject
Project("{FAE04EC0-301F-11D3-BF4B-00C04F79EFBC}") = "Ex05BooleanVariable", "Ex05BooleanVariable\Ex05BooleanVariable.csproj", "{62E7EAC5-5A40-4198-9412-922D3DBF5F34}"
EndProject
Project("{2150E333-8FDC-42A3-9474-1A3956D46DE8}") = "06. StringsAndObjects", "06. StringsAndObjects", "{63DC2828-C4C5-46F5-8C07-FE3F4B49D976}"
EndProject
Project("{FAE04EC0-301F-11D3-BF4B-00C04F79EFBC}") = "Ex06StringsAndObjects", "Ex06StringsAndObjects\Ex06StringsAndObjects.csproj", "{B4DB89FC-CB33-454D-9D3A-8A520DEBA215}"
EndProject
Project("{2150E333-8FDC-42A3-9474-1A3956D46DE8}") = "07. QuotesInStrings", "07. QuotesInStrings", "{58C43FF7-4ACC-45E1-B4E2-8DF2F2B3F3C6}"
EndProject
Project("{FAE04EC0-301F-11D3-BF4B-00C04F79EFBC}") = "Ex07QuotesInStrings", "Ex07QuotesInStrings\Ex07QuotesInStrings.csproj", "{37EB5C7E-7698-4BA6-80A2-B58FBA022C87}"
EndProject
Project("{2150E333-8FDC-42A3-9474-1A3956D46DE8}") = "13. ComparingFloats", "13. ComparingFloats", "{3B311845-CC0B-4834-8723-BA070AD9FDA2}"
EndProject
Project("{FAE04EC0-301F-11D3-BF4B-00C04F79EFBC}") = "Ex13ComparingFloats", "Ex08ComparingFloats\Ex13ComparingFloats.csproj", "{2D08B99F-9E85-45FF-B027-C5328E606CD0}"
EndProject
Project("{2150E333-8FDC-42A3-9474-1A3956D46DE8}") = "14. PrintVisibleASCII", "14. PrintVisibleASCII", "{8F0445E7-7BAC-46D9-AF96-07CE16964BC5}"
EndProject
Project("{FAE04EC0-301F-11D3-BF4B-00C04F79EFBC}") = "Ex14PrintVisibleASCII", "Ex14PrintVisibleASCII\Ex14PrintVisibleASCII.csproj", "{BF41F897-C421-4A38-AFBF-C1B2856A1365}"
EndProject
Global
	GlobalSection(SolutionConfigurationPlatforms) = preSolution
		Debug|Any CPU = Debug|Any CPU
		Release|Any CPU = Release|Any CPU
	EndGlobalSection
	GlobalSection(ProjectConfigurationPlatforms) = postSolution
		{32973951-44D0-43D7-9E4B-F347F708547D}.Debug|Any CPU.ActiveCfg = Debug|Any CPU
		{32973951-44D0-43D7-9E4B-F347F708547D}.Debug|Any CPU.Build.0 = Debug|Any CPU
		{32973951-44D0-43D7-9E4B-F347F708547D}.Release|Any CPU.ActiveCfg = Release|Any CPU
		{32973951-44D0-43D7-9E4B-F347F708547D}.Release|Any CPU.Build.0 = Release|Any CPU
		{76DBCEF2-3ABD-4786-9701-07715DFE512A}.Debug|Any CPU.ActiveCfg = Debug|Any CPU
		{76DBCEF2-3ABD-4786-9701-07715DFE512A}.Debug|Any CPU.Build.0 = Debug|Any CPU
		{76DBCEF2-3ABD-4786-9701-07715DFE512A}.Release|Any CPU.ActiveCfg = Release|Any CPU
		{76DBCEF2-3ABD-4786-9701-07715DFE512A}.Release|Any CPU.Build.0 = Release|Any CPU
		{A075CCA1-F3A1-4B26-852F-A3558CD2317F}.Debug|Any CPU.ActiveCfg = Debug|Any CPU
		{A075CCA1-F3A1-4B26-852F-A3558CD2317F}.Debug|Any CPU.Build.0 = Debug|Any CPU
		{A075CCA1-F3A1-4B26-852F-A3558CD2317F}.Release|Any CPU.ActiveCfg = Release|Any CPU
		{A075CCA1-F3A1-4B26-852F-A3558CD2317F}.Release|Any CPU.Build.0 = Release|Any CPU
		{22FD33BF-26F4-4F51-9F25-45E5071B30F0}.Debug|Any CPU.ActiveCfg = Debug|Any CPU
		{22FD33BF-26F4-4F51-9F25-45E5071B30F0}.Debug|Any CPU.Build.0 = Debug|Any CPU
		{22FD33BF-26F4-4F51-9F25-45E5071B30F0}.Release|Any CPU.ActiveCfg = Release|Any CPU
		{22FD33BF-26F4-4F51-9F25-45E5071B30F0}.Release|Any CPU.Build.0 = Release|Any CPU
		{62E7EAC5-5A40-4198-9412-922D3DBF5F34}.Debug|Any CPU.ActiveCfg = Debug|Any CPU
		{62E7EAC5-5A40-4198-9412-922D3DBF5F34}.Debug|Any CPU.Build.0 = Debug|Any CPU
		{62E7EAC5-5A40-4198-9412-922D3DBF5F34}.Release|Any CPU.ActiveCfg = Release|Any CPU
		{62E7EAC5-5A40-4198-9412-922D3DBF5F34}.Release|Any CPU.Build.0 = Release|Any CPU
		{B4DB89FC-CB33-454D-9D3A-8A520DEBA215}.Debug|Any CPU.ActiveCfg = Debug|Any CPU
		{B4DB89FC-CB33-454D-9D3A-8A520DEBA215}.Debug|Any CPU.Build.0 = Debug|Any CPU
		{B4DB89FC-CB33-454D-9D3A-8A520DEBA215}.Release|Any CPU.ActiveCfg = Release|Any CPU
		{B4DB89FC-CB33-454D-9D3A-8A520DEBA215}.Release|Any CPU.Build.0 = Release|Any CPU
		{37EB5C7E-7698-4BA6-80A2-B58FBA022C87}.Debug|Any CPU.ActiveCfg = Debug|Any CPU
		{37EB5C7E-7698-4BA6-80A2-B58FBA022C87}.Debug|Any CPU.Build.0 = Debug|Any CPU
		{37EB5C7E-7698-4BA6-80A2-B58FBA022C87}.Release|Any CPU.ActiveCfg = Release|Any CPU
		{37EB5C7E-7698-4BA6-80A2-B58FBA022C87}.Release|Any CPU.Build.0 = Release|Any CPU
		{2D08B99F-9E85-45FF-B027-C5328E606CD0}.Debug|Any CPU.ActiveCfg = Debug|Any CPU
		{2D08B99F-9E85-45FF-B027-C5328E606CD0}.Debug|Any CPU.Build.0 = Debug|Any CPU
		{2D08B99F-9E85-45FF-B027-C5328E606CD0}.Release|Any CPU.ActiveCfg = Release|Any CPU
		{2D08B99F-9E85-45FF-B027-C5328E606CD0}.Release|Any CPU.Build.0 = Release|Any CPU
		{BF41F897-C421-4A38-AFBF-C1B2856A1365}.Debug|Any CPU.ActiveCfg = Debug|Any CPU
		{BF41F897-C421-4A38-AFBF-C1B2856A1365}.Debug|Any CPU.Build.0 = Debug|Any CPU
		{BF41F897-C421-4A38-AFBF-C1B2856A1365}.Release|Any CPU.ActiveCfg = Release|Any CPU
		{BF41F897-C421-4A38-AFBF-C1B2856A1365}.Release|Any CPU.Build.0 = Release|Any CPU
	EndGlobalSection
	GlobalSection(SolutionProperties) = preSolution
		HideSolutionNode = FALSE
	EndGlobalSection
	GlobalSection(NestedProjects) = preSolution
		{32973951-44D0-43D7-9E4B-F347F708547D} = {F14D5E46-F72D-45E8-BABB-6483E26FDE6E}
		{76DBCEF2-3ABD-4786-9701-07715DFE512A} = {42B94D00-8DAC-4EBD-8720-AB17C8168351}
		{A075CCA1-F3A1-4B26-852F-A3558CD2317F} = {D7A863AD-0822-4DD3-B8C6-29B086A9AB09}
		{22FD33BF-26F4-4F51-9F25-45E5071B30F0} = {E861EEE6-BDF1-4315-A547-B3A6AE3C8BDB}
		{62E7EAC5-5A40-4198-9412-922D3DBF5F34} = {96849169-B26A-4C23-A65A-36077F9BE0A8}
		{B4DB89FC-CB33-454D-9D3A-8A520DEBA215} = {63DC2828-C4C5-46F5-8C07-FE3F4B49D976}
		{37EB5C7E-7698-4BA6-80A2-B58FBA022C87} = {58C43FF7-4ACC-45E1-B4E2-8DF2F2B3F3C6}
		{2D08B99F-9E85-45FF-B027-C5328E606CD0} = {3B311845-CC0B-4834-8723-BA070AD9FDA2}
		{BF41F897-C421-4A38-AFBF-C1B2856A1365} = {8F0445E7-7BAC-46D9-AF96-07CE16964BC5}
	EndGlobalSection
EndGlobal
