
Microsoft Visual Studio Solution File, Format Version 12.00
# Visual Studio 14
VisualStudioVersion = 14.0.24720.0
MinimumVisualStudioVersion = 10.0.40219.1
Project("{2150E333-8FDC-42A3-9474-1A3956D46DE8}") = "ExamFeb02Morning", "ExamFeb02Morning", "{F043E071-9E7E-4BFA-9DFF-F636C447632C}"
EndProject
Project("{FAE04EC0-301F-11D3-BF4B-00C04F79EFBC}") = "Task01Printing", "Task01Printing\Task01Printing.csproj", "{E9B997B0-B825-468C-8EC9-6AAF06EE1E61}"
EndProject
Project("{FAE04EC0-301F-11D3-BF4B-00C04F79EFBC}") = "Task02SaddyCopper", "Task02SaddyCopper\Task02SaddyCopper.csproj", "{B6CD92D7-37C9-431E-90FE-EB4B780CE3B2}"
EndProject
Project("{FAE04EC0-301F-11D3-BF4B-00C04F79EFBC}") = "Task04Cube", "Task04Cube\Task04Cube.csproj", "{97C3B854-0F42-4405-9107-17437BFB82A7}"
EndProject
Project("{FAE04EC0-301F-11D3-BF4B-00C04F79EFBC}") = "Task05BitsToBits", "Task05BitsToBits\Task05BitsToBits.csproj", "{DF15AA1F-0755-4330-AD9E-4BBE8DA14208}"
EndProject
Project("{2150E333-8FDC-42A3-9474-1A3956D46DE8}") = "ExamFeb02Evening", "ExamFeb02Evening", "{E4407495-B231-4D20-8DFA-02F2F07B50AF}"
EndProject
Project("{FAE04EC0-301F-11D3-BF4B-00C04F79EFBC}") = "Task01Money", "Task01Money\Task01Money.csproj", "{1A15187B-1CAD-46E7-94C5-6B0D4AA0417F}"
EndProject
Project("{FAE04EC0-301F-11D3-BF4B-00C04F79EFBC}") = "Task02EncodingSum", "Task02EncodingSum\Task02EncodingSum.csproj", "{C5D3BFCC-8354-4CAE-80C9-794B06C81AF7}"
EndProject
Global
	GlobalSection(SolutionConfigurationPlatforms) = preSolution
		Debug|Any CPU = Debug|Any CPU
		Release|Any CPU = Release|Any CPU
	EndGlobalSection
	GlobalSection(ProjectConfigurationPlatforms) = postSolution
		{E9B997B0-B825-468C-8EC9-6AAF06EE1E61}.Debug|Any CPU.ActiveCfg = Debug|Any CPU
		{E9B997B0-B825-468C-8EC9-6AAF06EE1E61}.Debug|Any CPU.Build.0 = Debug|Any CPU
		{E9B997B0-B825-468C-8EC9-6AAF06EE1E61}.Release|Any CPU.ActiveCfg = Release|Any CPU
		{E9B997B0-B825-468C-8EC9-6AAF06EE1E61}.Release|Any CPU.Build.0 = Release|Any CPU
		{B6CD92D7-37C9-431E-90FE-EB4B780CE3B2}.Debug|Any CPU.ActiveCfg = Debug|Any CPU
		{B6CD92D7-37C9-431E-90FE-EB4B780CE3B2}.Debug|Any CPU.Build.0 = Debug|Any CPU
		{B6CD92D7-37C9-431E-90FE-EB4B780CE3B2}.Release|Any CPU.ActiveCfg = Release|Any CPU
		{B6CD92D7-37C9-431E-90FE-EB4B780CE3B2}.Release|Any CPU.Build.0 = Release|Any CPU
		{97C3B854-0F42-4405-9107-17437BFB82A7}.Debug|Any CPU.ActiveCfg = Debug|Any CPU
		{97C3B854-0F42-4405-9107-17437BFB82A7}.Debug|Any CPU.Build.0 = Debug|Any CPU
		{97C3B854-0F42-4405-9107-17437BFB82A7}.Release|Any CPU.ActiveCfg = Release|Any CPU
		{97C3B854-0F42-4405-9107-17437BFB82A7}.Release|Any CPU.Build.0 = Release|Any CPU
		{DF15AA1F-0755-4330-AD9E-4BBE8DA14208}.Debug|Any CPU.ActiveCfg = Debug|Any CPU
		{DF15AA1F-0755-4330-AD9E-4BBE8DA14208}.Debug|Any CPU.Build.0 = Debug|Any CPU
		{DF15AA1F-0755-4330-AD9E-4BBE8DA14208}.Release|Any CPU.ActiveCfg = Release|Any CPU
		{DF15AA1F-0755-4330-AD9E-4BBE8DA14208}.Release|Any CPU.Build.0 = Release|Any CPU
		{1A15187B-1CAD-46E7-94C5-6B0D4AA0417F}.Debug|Any CPU.ActiveCfg = Debug|Any CPU
		{1A15187B-1CAD-46E7-94C5-6B0D4AA0417F}.Debug|Any CPU.Build.0 = Debug|Any CPU
		{1A15187B-1CAD-46E7-94C5-6B0D4AA0417F}.Release|Any CPU.ActiveCfg = Release|Any CPU
		{1A15187B-1CAD-46E7-94C5-6B0D4AA0417F}.Release|Any CPU.Build.0 = Release|Any CPU
		{C5D3BFCC-8354-4CAE-80C9-794B06C81AF7}.Debug|Any CPU.ActiveCfg = Debug|Any CPU
		{C5D3BFCC-8354-4CAE-80C9-794B06C81AF7}.Debug|Any CPU.Build.0 = Debug|Any CPU
		{C5D3BFCC-8354-4CAE-80C9-794B06C81AF7}.Release|Any CPU.ActiveCfg = Release|Any CPU
		{C5D3BFCC-8354-4CAE-80C9-794B06C81AF7}.Release|Any CPU.Build.0 = Release|Any CPU
	EndGlobalSection
	GlobalSection(SolutionProperties) = preSolution
		HideSolutionNode = FALSE
	EndGlobalSection
	GlobalSection(NestedProjects) = preSolution
		{E9B997B0-B825-468C-8EC9-6AAF06EE1E61} = {F043E071-9E7E-4BFA-9DFF-F636C447632C}
		{B6CD92D7-37C9-431E-90FE-EB4B780CE3B2} = {F043E071-9E7E-4BFA-9DFF-F636C447632C}
		{97C3B854-0F42-4405-9107-17437BFB82A7} = {F043E071-9E7E-4BFA-9DFF-F636C447632C}
		{DF15AA1F-0755-4330-AD9E-4BBE8DA14208} = {F043E071-9E7E-4BFA-9DFF-F636C447632C}
		{1A15187B-1CAD-46E7-94C5-6B0D4AA0417F} = {E4407495-B231-4D20-8DFA-02F2F07B50AF}
		{C5D3BFCC-8354-4CAE-80C9-794B06C81AF7} = {E4407495-B231-4D20-8DFA-02F2F07B50AF}
	EndGlobalSection
EndGlobal
